
Microsoft Visual Studio Solution File, Format Version 12.00
# Visual Studio 15
Project("{FAE04EC0-301F-11D3-BF4B-00C04F79EFBC}") = "Reunioes.Web", "Reunioes\Reunioes.Web.csproj", "{5D92BA9C-4A74-4F4E-B6B6-5F754C9ABA75}"
EndProject
Project("{FAE04EC0-301F-11D3-BF4B-00C04F79EFBC}") = "Reunioes.Dominio", "Reunioes.Dominio\Reunioes.Dominio.csproj", "{541CC84A-F5C5-46F0-A736-C21A29519330}"
EndProject
Project("{FAE04EC0-301F-11D3-BF4B-00C04F79EFBC}") = "Reunioes.Repositorio", "Reunioes.Repositorio\Reunioes.Repositorio.csproj", "{F2B67B87-3599-43BA-ADE4-5349F46B385A}"
EndProject
Global
	GlobalSection(SolutionConfigurationPlatforms) = preSolution
		Debug|Any CPU = Debug|Any CPU
		Release|Any CPU = Release|Any CPU
	EndGlobalSection
	GlobalSection(ProjectConfigurationPlatforms) = postSolution
		{5D92BA9C-4A74-4F4E-B6B6-5F754C9ABA75}.Debug|Any CPU.ActiveCfg = Debug|Any CPU
		{5D92BA9C-4A74-4F4E-B6B6-5F754C9ABA75}.Debug|Any CPU.Build.0 = Debug|Any CPU
		{5D92BA9C-4A74-4F4E-B6B6-5F754C9ABA75}.Release|Any CPU.ActiveCfg = Release|Any CPU
		{5D92BA9C-4A74-4F4E-B6B6-5F754C9ABA75}.Release|Any CPU.Build.0 = Release|Any CPU
		{541CC84A-F5C5-46F0-A736-C21A29519330}.Debug|Any CPU.ActiveCfg = Debug|Any CPU
		{541CC84A-F5C5-46F0-A736-C21A29519330}.Debug|Any CPU.Build.0 = Debug|Any CPU
		{541CC84A-F5C5-46F0-A736-C21A29519330}.Release|Any CPU.ActiveCfg = Release|Any CPU
		{541CC84A-F5C5-46F0-A736-C21A29519330}.Release|Any CPU.Build.0 = Release|Any CPU
		{F2B67B87-3599-43BA-ADE4-5349F46B385A}.Debug|Any CPU.ActiveCfg = Debug|Any CPU
		{F2B67B87-3599-43BA-ADE4-5349F46B385A}.Debug|Any CPU.Build.0 = Debug|Any CPU
		{F2B67B87-3599-43BA-ADE4-5349F46B385A}.Release|Any CPU.ActiveCfg = Release|Any CPU
		{F2B67B87-3599-43BA-ADE4-5349F46B385A}.Release|Any CPU.Build.0 = Release|Any CPU
	EndGlobalSection
EndGlobal
